// !$*UTF8*$!
{
	archiveVersion = 1;
	classes = {
	};
	objectVersion = 50;
	objects = {

/* Begin PBXBuildFile section */
		071C54902490C866007F0A8A /* AppDelegate.swift in Sources */ = {isa = PBXBuildFile; fileRef = 071C548F2490C866007F0A8A /* AppDelegate.swift */; };
		071C54922490C866007F0A8A /* SceneDelegate.swift in Sources */ = {isa = PBXBuildFile; fileRef = 071C54912490C866007F0A8A /* SceneDelegate.swift */; };
		071C54942490C866007F0A8A /* ContentView.swift in Sources */ = {isa = PBXBuildFile; fileRef = 071C54932490C866007F0A8A /* ContentView.swift */; };
		071C54962490C86A007F0A8A /* Assets.xcassets in Resources */ = {isa = PBXBuildFile; fileRef = 071C54952490C86A007F0A8A /* Assets.xcassets */; };
		071C54992490C86A007F0A8A /* Preview Assets.xcassets in Resources */ = {isa = PBXBuildFile; fileRef = 071C54982490C86A007F0A8A /* Preview Assets.xcassets */; };
		071C549C2490C86A007F0A8A /* LaunchScreen.storyboard in Resources */ = {isa = PBXBuildFile; fileRef = 071C549A2490C86A007F0A8A /* LaunchScreen.storyboard */; };
		071C54A42490DEC6007F0A8A /* CalculatorButtonItem.swift in Sources */ = {isa = PBXBuildFile; fileRef = 071C54A32490DEC6007F0A8A /* CalculatorButtonItem.swift */; };
/* End PBXBuildFile section */

/* Begin PBXFileReference section */
		071C548C2490C866007F0A8A /* SwiftUI-Demo.app */ = {isa = PBXFileReference; explicitFileType = wrapper.application; includeInIndex = 0; path = "SwiftUI-Demo.app"; sourceTree = BUILT_PRODUCTS_DIR; };
		071C548F2490C866007F0A8A /* AppDelegate.swift */ = {isa = PBXFileReference; lastKnownFileType = sourcecode.swift; path = AppDelegate.swift; sourceTree = "<group>"; };
		071C54912490C866007F0A8A /* SceneDelegate.swift */ = {isa = PBXFileReference; lastKnownFileType = sourcecode.swift; path = SceneDelegate.swift; sourceTree = "<group>"; };
		071C54932490C866007F0A8A /* ContentView.swift */ = {isa = PBXFileReference; lastKnownFileType = sourcecode.swift; path = ContentView.swift; sourceTree = "<group>"; };
		071C54952490C86A007F0A8A /* Assets.xcassets */ = {isa = PBXFileReference; lastKnownFileType = folder.assetcatalog; path = Assets.xcassets; sourceTree = "<group>"; };
		071C54982490C86A007F0A8A /* Preview Assets.xcassets */ = {isa = PBXFileReference; lastKnownFileType = folder.assetcatalog; path = "Preview Assets.xcassets"; sourceTree = "<group>"; };
		071C549B2490C86A007F0A8A /* Base */ = {isa = PBXFileReference; lastKnownFileType = file.storyboard; name = Base; path = Base.lproj/LaunchScreen.storyboard; sourceTree = "<group>"; };
		071C549D2490C86A007F0A8A /* Info.plist */ = {isa = PBXFileReference; lastKnownFileType = text.plist.xml; path = Info.plist; sourceTree = "<group>"; };
		071C54A32490DEC6007F0A8A /* CalculatorButtonItem.swift */ = {isa = PBXFileReference; lastKnownFileType = sourcecode.swift; path = CalculatorButtonItem.swift; sourceTree = "<group>"; };
/* End PBXFileReference section */

/* Begin PBXFrameworksBuildPhase section */
		071C54892490C866007F0A8A /* Frameworks */ = {
			isa = PBXFrameworksBuildPhase;
			buildActionMask = 2147483647;
			files = (
			);
			runOnlyForDeploymentPostprocessing = 0;
		};
/* End PBXFrameworksBuildPhase section */

/* Begin PBXGroup section */
		071C54832490C866007F0A8A = {
			isa = PBXGroup;
			children = (
				071C548E2490C866007F0A8A /* SwiftUI-Demo */,
				071C548D2490C866007F0A8A /* Products */,
			);
			sourceTree = "<group>";
		};
		071C548D2490C866007F0A8A /* Products */ = {
			isa = PBXGroup;
			children = (
				071C548C2490C866007F0A8A /* SwiftUI-Demo.app */,
			);
			name = Products;
			sourceTree = "<group>";
		};
		071C548E2490C866007F0A8A /* SwiftUI-Demo */ = {
			isa = PBXGroup;
			children = (
				071C548F2490C866007F0A8A /* AppDelegate.swift */,
				071C54912490C866007F0A8A /* SceneDelegate.swift */,
				071C54932490C866007F0A8A /* ContentView.swift */,
				071C54A32490DEC6007F0A8A /* CalculatorButtonItem.swift */,
				071C54952490C86A007F0A8A /* Assets.xcassets */,
				071C549A2490C86A007F0A8A /* LaunchScreen.storyboard */,
				071C549D2490C86A007F0A8A /* Info.plist */,
				071C54972490C86A007F0A8A /* Preview Content */,
			);
			path = "SwiftUI-Demo";
			sourceTree = "<group>";
		};
		071C54972490C86A007F0A8A /* Preview Content */ = {
			isa = PBXGroup;
			children = (
				071C54982490C86A007F0A8A /* Preview Assets.xcassets */,
			);
			path = "Preview Content";
			sourceTree = "<group>";
		};
/* End PBXGroup section */

/* Begin PBXNativeTarget section */
		071C548B2490C866007F0A8A /* SwiftUI-Demo */ = {
			isa = PBXNativeTarget;
			buildConfigurationList = 071C54A02490C86A007F0A8A /* Build configuration list for PBXNativeTarget "SwiftUI-Demo" */;
			buildPhases = (
				071C54882490C866007F0A8A /* Sources */,
				071C54892490C866007F0A8A /* Frameworks */,
				071C548A2490C866007F0A8A /* Resources */,
			);
			buildRules = (
			);
			dependencies = (
			);
			name = "SwiftUI-Demo";
			productName = "SwiftUI-Demo";
			productReference = 071C548C2490C866007F0A8A /* SwiftUI-Demo.app */;
			productType = "com.apple.product-type.application";
		};
/* End PBXNativeTarget section */

/* Begin PBXProject section */
		071C54842490C866007F0A8A /* Project object */ = {
			isa = PBXProject;
			attributes = {
				LastSwiftUpdateCheck = 1150;
				LastUpgradeCheck = 1150;
				ORGANIZATIONNAME = "杨冬青";
				TargetAttributes = {
					071C548B2490C866007F0A8A = {
						CreatedOnToolsVersion = 11.5;
					};
				};
			};
			buildConfigurationList = 071C54872490C866007F0A8A /* Build configuration list for PBXProject "SwiftUI-Demo" */;
			compatibilityVersion = "Xcode 9.3";
			developmentRegion = en;
			hasScannedForEncodings = 0;
			knownRegions = (
				en,
				Base,
			);
			mainGroup = 071C54832490C866007F0A8A;
			productRefGroup = 071C548D2490C866007F0A8A /* Products */;
			projectDirPath = "";
			projectRoot = "";
			targets = (
				071C548B2490C866007F0A8A /* SwiftUI-Demo */,
			);
		};
/* End PBXProject section */

/* Begin PBXResourcesBuildPhase section */
		071C548A2490C866007F0A8A /* Resources */ = {
			isa = PBXResourcesBuildPhase;
			buildActionMask = 2147483647;
			files = (
				071C549C2490C86A007F0A8A /* LaunchScreen.storyboard in Resources */,
				071C54992490C86A007F0A8A /* Preview Assets.xcassets in Resources */,
				071C54962490C86A007F0A8A /* Assets.xcassets in Resources */,
			);
			runOnlyForDeploymentPostprocessing = 0;
		};
/* End PBXResourcesBuildPhase section */

/* Begin PBXSourcesBuildPhase section */
		071C54882490C866007F0A8A /* Sources */ = {
			isa = PBXSourcesBuildPhase;
			buildActionMask = 2147483647;
			files = (
				071C54902490C866007F0A8A /* AppDelegate.swift in Sources */,
				071C54922490C866007F0A8A /* SceneDelegate.swift in Sources */,
				071C54A42490DEC6007F0A8A /* CalculatorButtonItem.swift in Sources */,
				071C54942490C866007F0A8A /* ContentView.swift in Sources */,
			);
			runOnlyForDeploymentPostprocessing = 0;
		};
/* End PBXSourcesBuildPhase section */

/* Begin PBXVariantGroup section */
		071C549A2490C86A007F0A8A /* LaunchScreen.storyboard */ = {
			isa = PBXVariantGroup;
			children = (
				071C549B2490C86A007F0A8A /* Base */,
			);
			name = LaunchScreen.storyboard;
			sourceTree = "<group>";
		};
/* End PBXVariantGroup section */

/* Begin XCBuildConfiguration section */
		071C549E2490C86A007F0A8A /* Debug */ = {
			isa = XCBuildConfiguration;
			buildSettings = {
				ALWAYS_SEARCH_USER_PATHS = NO;
				CLANG_ANALYZER_NONNULL = YES;
				CLANG_ANALYZER_NUMBER_OBJECT_CONVERSION = YES_AGGRESSIVE;
				CLANG_CXX_LANGUAGE_STANDARD = "gnu++14";
				CLANG_CXX_LIBRARY = "libc++";
				CLANG_ENABLE_MODULES = YES;
				CLANG_ENABLE_OBJC_ARC = YES;
				CLANG_ENABLE_OBJC_WEAK = YES;
				CLANG_WARN_BLOCK_CAPTURE_AUTORELEASING = YES;
				CLANG_WARN_BOOL_CONVERSION = YES;
				CLANG_WARN_COMMA = YES;
				CLANG_WARN_CONSTANT_CONVERSION = YES;
				CLANG_WARN_DEPRECATED_OBJC_IMPLEMENTATIONS = YES;
				CLANG_WARN_DIRECT_OBJC_ISA_USAGE = YES_ERROR;
				CLANG_WARN_DOCUMENTATION_COMMENTS = YES;
				CLANG_WARN_EMPTY_BODY = YES;
				CLANG_WARN_ENUM_CONVERSION = YES;
				CLANG_WARN_INFINITE_RECURSION = YES;
				CLANG_WARN_INT_CONVERSION = YES;
				CLANG_WARN_NON_LITERAL_NULL_CONVERSION = YES;
				CLANG_WARN_OBJC_IMPLICIT_RETAIN_SELF = YES;
				CLANG_WARN_OBJC_LITERAL_CONVERSION = YES;
				CLANG_WARN_OBJC_ROOT_CLASS = YES_ERROR;
				CLANG_WARN_RANGE_LOOP_ANALYSIS = YES;
				CLANG_WARN_STRICT_PROTOTYPES = YES;
				CLANG_WARN_SUSPICIOUS_MOVE = YES;
				CLANG_WARN_UNGUARDED_AVAILABILITY = YES_AGGRESSIVE;
				CLANG_WARN_UNREACHABLE_CODE = YES;
				CLANG_WARN__DUPLICATE_METHOD_MATCH = YES;
				COPY_PHASE_STRIP = NO;
				DEBUG_INFORMATION_FORMAT = dwarf;
				ENABLE_STRICT_OBJC_MSGSEND = YES;
				ENABLE_TESTABILITY = YES;
				GCC_C_LANGUAGE_STANDARD = gnu11;
				GCC_DYNAMIC_NO_PIC = NO;
				GCC_NO_COMMON_BLOCKS = YES;
				GCC_OPTIMIZATION_LEVEL = 0;
				GCC_PREPROCESSOR_DEFINITIONS = (
					"DEBUG=1",
					"$(inherited)",
				);
				GCC_WARN_64_TO_32_BIT_CONVERSION = YES;
				GCC_WARN_ABOUT_RETURN_TYPE = YES_ERROR;
				GCC_WARN_UNDECLARED_SELECTOR = YES;
				GCC_WARN_UNINITIALIZED_AUTOS = YES_AGGRESSIVE;
				GCC_WARN_UNUSED_FUNCTION = YES;
				GCC_WARN_UNUSED_VARIABLE = YES;
				IPHONEOS_DEPLOYMENT_TARGET = 13.0;
				MTL_ENABLE_DEBUG_INFO = INCLUDE_SOURCE;
				MTL_FAST_MATH = YES;
				ONLY_ACTIVE_ARCH = YES;
				SDKROOT = iphoneos;
				SWIFT_ACTIVE_COMPILATION_CONDITIONS = DEBUG;
				SWIFT_OPTIMIZATION_LEVEL = "-Onone";
			};
			name = Debug;
		};
		071C549F2490C86A007F0A8A /* Release */ = {
			isa = XCBuildConfiguration;
			buildSettings = {
				ALWAYS_SEARCH_USER_PATHS = NO;
				CLANG_ANALYZER_NONNULL = YES;
				CLANG_ANALYZER_NUMBER_OBJECT_CONVERSION = YES_AGGRESSIVE;
				CLANG_CXX_LANGUAGE_STANDARD = "gnu++14";
				CLANG_CXX_LIBRARY = "libc++";
				CLANG_ENABLE_MODULES = YES;
				CLANG_ENABLE_OBJC_ARC = YES;
				CLANG_ENABLE_OBJC_WEAK = YES;
				CLANG_WARN_BLOCK_CAPTURE_AUTORELEASING = YES;
				CLANG_WARN_BOOL_CONVERSION = YES;
				CLANG_WARN_COMMA = YES;
				CLANG_WARN_CONSTANT_CONVERSION = YES;
				CLANG_WARN_DEPRECATED_OBJC_IMPLEMENTATIONS = YES;
				CLANG_WARN_DIRECT_OBJC_ISA_USAGE = YES_ERROR;
				CLANG_WARN_DOCUMENTATION_COMMENTS = YES;
				CLANG_WARN_EMPTY_BODY = YES;
				CLANG_WARN_ENUM_CONVERSION = YES;
				CLANG_WARN_INFINITE_RECURSION = YES;
				CLANG_WARN_INT_CONVERSION = YES;
				CLANG_WARN_NON_LITERAL_NULL_CONVERSION = YES;
				CLANG_WARN_OBJC_IMPLICIT_RETAIN_SELF = YES;
				CLANG_WARN_OBJC_LITERAL_CONVERSION = YES;
				CLANG_WARN_OBJC_ROOT_CLASS = YES_ERROR;
				CLANG_WARN_RANGE_LOOP_ANALYSIS = YES;
				CLANG_WARN_STRICT_PROTOTYPES = YES;
				CLANG_WARN_SUSPICIOUS_MOVE = YES;
				CLANG_WARN_UNGUARDED_AVAILABILITY = YES_AGGRESSIVE;
				CLANG_WARN_UNREACHABLE_CODE = YES;
				CLANG_WARN__DUPLICATE_METHOD_MATCH = YES;
				COPY_PHASE_STRIP = NO;
				DEBUG_INFORMATION_FORMAT = "dwarf-with-dsym";
				ENABLE_NS_ASSERTIONS = NO;
				ENABLE_STRICT_OBJC_MSGSEND = YES;
				GCC_C_LANGUAGE_STANDARD = gnu11;
				GCC_NO_COMMON_BLOCKS = YES;
				GCC_WARN_64_TO_32_BIT_CONVERSION = YES;
				GCC_WARN_ABOUT_RETURN_TYPE = YES_ERROR;
				GCC_WARN_UNDECLARED_SELECTOR = YES;
				GCC_WARN_UNINITIALIZED_AUTOS = YES_AGGRESSIVE;
				GCC_WARN_UNUSED_FUNCTION = YES;
				GCC_WARN_UNUSED_VARIABLE = YES;
				IPHONEOS_DEPLOYMENT_TARGET = 13.0;
				MTL_ENABLE_DEBUG_INFO = NO;
				MTL_FAST_MATH = YES;
				SDKROOT = iphoneos;
				SWIFT_COMPILATION_MODE = wholemodule;
				SWIFT_OPTIMIZATION_LEVEL = "-O";
				VALIDATE_PRODUCT = YES;
			};
			name = Release;
		};
		071C54A12490C86A007F0A8A /* Debug */ = {
			isa = XCBuildConfiguration;
			buildSettings = {
				ASSETCATALOG_COMPILER_APPICON_NAME = AppIcon;
				CODE_SIGN_STYLE = Automatic;
				DEVELOPMENT_ASSET_PATHS = "\"SwiftUI-Demo/Preview Content\"";
				DEVELOPMENT_TEAM = 5JJQX6H944;
				ENABLE_PREVIEWS = YES;
				INFOPLIST_FILE = "SwiftUI-Demo/Info.plist";
				LD_RUNPATH_SEARCH_PATHS = (
					"$(inherited)",
					"@executable_path/Frameworks",
				);
				PRODUCT_BUNDLE_IDENTIFIER = "com.yangdq.SwiftUI-Demo";
				PRODUCT_NAME = "$(TARGET_NAME)";
				SWIFT_VERSION = 5.0;
				TARGETED_DEVICE_FAMILY = "1,2";
			};
			name = Debug;
		};
		071C54A22490C86A007F0A8A /* Release */ = {
			isa = XCBuildConfiguration;
			buildSettings = {
				ASSETCATALOG_COMPILER_APPICON_NAME = AppIcon;
				CODE_SIGN_STYLE = Automatic;
				DEVELOPMENT_ASSET_PATHS = "\"SwiftUI-Demo/Preview Content\"";
				DEVELOPMENT_TEAM = 5JJQX6H944;
				ENABLE_PREVIEWS = YES;
				INFOPLIST_FILE = "SwiftUI-Demo/Info.plist";
				LD_RUNPATH_SEARCH_PATHS = (
					"$(inherited)",
					"@executable_path/Frameworks",
				);
				PRODUCT_BUNDLE_IDENTIFIER = "com.yangdq.SwiftUI-Demo";
				PRODUCT_NAME = "$(TARGET_NAME)";
				SWIFT_VERSION = 5.0;
				TARGETED_DEVICE_FAMILY = "1,2";
			};
			name = Release;
		};
/* End XCBuildConfiguration section */

/* Begin XCConfigurationList section */
		071C54872490C866007F0A8A /* Build configuration list for PBXProject "SwiftUI-Demo" */ = {
			isa = XCConfigurationList;
			buildConfigurations = (
				071C549E2490C86A007F0A8A /* Debug */,
				071C549F2490C86A007F0A8A /* Release */,
			);
			defaultConfigurationIsVisible = 0;
			defaultConfigurationName = Release;
		};
		071C54A02490C86A007F0A8A /* Build configuration list for PBXNativeTarget "SwiftUI-Demo" */ = {
			isa = XCConfigurationList;
			buildConfigurations = (
				071C54A12490C86A007F0A8A /* Debug */,
				071C54A22490C86A007F0A8A /* Release */,
			);
			defaultConfigurationIsVisible = 0;
			defaultConfigurationName = Release;
		};
/* End XCConfigurationList section */
	};
	rootObject = 071C54842490C866007F0A8A /* Project object */;
}
